
Microsoft Visual Studio Solution File, Format Version 12.00
# Visual Studio Version 17
VisualStudioVersion = 17.3.32825.248
MinimumVisualStudioVersion = 10.0.40219.1
Project("{FAE04EC0-301F-11D3-BF4B-00C04F79EFBC}") = "CLUtilesTextes", "CLUtilesTextes\CLUtilesTextes.csproj", "{AF746F79-0FAF-4AB5-86AE-AFE63914B39B}"
EndProject
Project("{FAE04EC0-301F-11D3-BF4B-00C04F79EFBC}") = "TestProject1", "TestProject1\TestProject1.csproj", "{A16882E1-E3BB-4A43-B903-6FB496C83CD6}"
EndProject
Global
	GlobalSection(SolutionConfigurationPlatforms) = preSolution
		Debug|Any CPU = Debug|Any CPU
		Release|Any CPU = Release|Any CPU
	EndGlobalSection
	GlobalSection(ProjectConfigurationPlatforms) = postSolution
		{AF746F79-0FAF-4AB5-86AE-AFE63914B39B}.Debug|Any CPU.ActiveCfg = Debug|Any CPU
		{AF746F79-0FAF-4AB5-86AE-AFE63914B39B}.Debug|Any CPU.Build.0 = Debug|Any CPU
		{AF746F79-0FAF-4AB5-86AE-AFE63914B39B}.Release|Any CPU.ActiveCfg = Release|Any CPU
		{AF746F79-0FAF-4AB5-86AE-AFE63914B39B}.Release|Any CPU.Build.0 = Release|Any CPU
		{A16882E1-E3BB-4A43-B903-6FB496C83CD6}.Debug|Any CPU.ActiveCfg = Debug|Any CPU
		{A16882E1-E3BB-4A43-B903-6FB496C83CD6}.Debug|Any CPU.Build.0 = Debug|Any CPU
		{A16882E1-E3BB-4A43-B903-6FB496C83CD6}.Release|Any CPU.ActiveCfg = Release|Any CPU
		{A16882E1-E3BB-4A43-B903-6FB496C83CD6}.Release|Any CPU.Build.0 = Release|Any CPU
	EndGlobalSection
	GlobalSection(SolutionProperties) = preSolution
		HideSolutionNode = FALSE
	EndGlobalSection
	GlobalSection(ExtensibilityGlobals) = postSolution
		SolutionGuid = {DF672F28-A2B8-4C8D-B302-4287E915302C}
	EndGlobalSection
EndGlobal
